
Microsoft Visual Studio Solution File, Format Version 12.00
# Visual Studio Version 17
VisualStudioVersion = 17.1.32210.238
MinimumVisualStudioVersion = 10.0.40219.1
Project("{FAE04EC0-301F-11D3-BF4B-00C04F79EFBC}") = "Touchscreen Toggler", "Touchscreen Toggler\Touchscreen Toggler.csproj", "{6DBCB6B9-667B-451B-8C23-5483378F94DC}"
EndProject
Global
	GlobalSection(SolutionConfigurationPlatforms) = preSolution
		Debug|Any CPU = Debug|Any CPU
		Release|Any CPU = Release|Any CPU
	EndGlobalSection
	GlobalSection(ProjectConfigurationPlatforms) = postSolution
		{6DBCB6B9-667B-451B-8C23-5483378F94DC}.Debug|Any CPU.ActiveCfg = Debug|Any CPU
		{6DBCB6B9-667B-451B-8C23-5483378F94DC}.Debug|Any CPU.Build.0 = Debug|Any CPU
		{6DBCB6B9-667B-451B-8C23-5483378F94DC}.Release|Any CPU.ActiveCfg = Release|Any CPU
		{6DBCB6B9-667B-451B-8C23-5483378F94DC}.Release|Any CPU.Build.0 = Release|Any CPU
	EndGlobalSection
	GlobalSection(SolutionProperties) = preSolution
		HideSolutionNode = FALSE
	EndGlobalSection
	GlobalSection(ExtensibilityGlobals) = postSolution
		SolutionGuid = {700F89AC-0C66-4BEA-B8D4-E03AD485771A}
	EndGlobalSection
EndGlobal
